
Microsoft Visual Studio Solution File, Format Version 12.00
# Visual Studio Version 16
VisualStudioVersion = 16.0.29411.138
MinimumVisualStudioVersion = 10.0.40219.1
Project("{9A19103F-16F7-4668-BE54-9A1E7A4F7556}") = "SerilogDemo", "SerilogDemo\SerilogDemo.csproj", "{2844A0F0-C31D-4AFD-9B6E-4717BA15FCDA}"
EndProject
Global
	GlobalSection(SolutionConfigurationPlatforms) = preSolution
		Debug|Any CPU = Debug|Any CPU
		Release|Any CPU = Release|Any CPU
	EndGlobalSection
	GlobalSection(ProjectConfigurationPlatforms) = postSolution
		{2844A0F0-C31D-4AFD-9B6E-4717BA15FCDA}.Debug|Any CPU.ActiveCfg = Debug|Any CPU
		{2844A0F0-C31D-4AFD-9B6E-4717BA15FCDA}.Debug|Any CPU.Build.0 = Debug|Any CPU
		{2844A0F0-C31D-4AFD-9B6E-4717BA15FCDA}.Release|Any CPU.ActiveCfg = Release|Any CPU
		{2844A0F0-C31D-4AFD-9B6E-4717BA15FCDA}.Release|Any CPU.Build.0 = Release|Any CPU
	EndGlobalSection
	GlobalSection(SolutionProperties) = preSolution
		HideSolutionNode = FALSE
	EndGlobalSection
	GlobalSection(ExtensibilityGlobals) = postSolution
		SolutionGuid = {34DFBFE3-A2AF-42B1-B4F4-56F190A131E1}
	EndGlobalSection
EndGlobal
